
Microsoft Visual Studio Solution File, Format Version 12.00
# Visual Studio Version 16
VisualStudioVersion = 16.0.29613.14
MinimumVisualStudioVersion = 10.0.40219.1
Project("{FAE04EC0-301F-11D3-BF4B-00C04F79EFBC}") = "pw manager", "pw manager\pw manager.csproj", "{8C7A724C-0EBB-4ADC-B95B-FB959B468D98}"
EndProject
Global
	GlobalSection(SolutionConfigurationPlatforms) = preSolution
		Debug|Any CPU = Debug|Any CPU
		Release|Any CPU = Release|Any CPU
	EndGlobalSection
	GlobalSection(ProjectConfigurationPlatforms) = postSolution
		{8C7A724C-0EBB-4ADC-B95B-FB959B468D98}.Debug|Any CPU.ActiveCfg = Debug|Any CPU
		{8C7A724C-0EBB-4ADC-B95B-FB959B468D98}.Debug|Any CPU.Build.0 = Debug|Any CPU
		{8C7A724C-0EBB-4ADC-B95B-FB959B468D98}.Release|Any CPU.ActiveCfg = Release|Any CPU
		{8C7A724C-0EBB-4ADC-B95B-FB959B468D98}.Release|Any CPU.Build.0 = Release|Any CPU
	EndGlobalSection
	GlobalSection(SolutionProperties) = preSolution
		HideSolutionNode = FALSE
	EndGlobalSection
	GlobalSection(ExtensibilityGlobals) = postSolution
		SolutionGuid = {737C8579-39A3-4249-B1AD-525D61BA7712}
	EndGlobalSection
EndGlobal
